dependencies:
- name: elasticsearch
  repository: https://helm.elastic.co
  version: 8.5.1
- name: kibana
  repository: https://helm.elastic.co
  version: 8.5.1
- name: redis
  repository: https://charts.bitnami.com/bitnami
  version: 18.0.4
- name: etcd
  repository: https://charts.bitnami.com/bitnami
  version: 9.5.0
digest: sha256:3cc3fd740fb2ae0bf9049c0810e71907deea8332685d4428dea856025c0d540f
generated: "2023-09-18T12:52:50.138797+02:00"
